
Microsoft Visual Studio Solution File, Format Version 12.00
# Visual Studio Version 16
VisualStudioVersion = 16.0.31424.327
MinimumVisualStudioVersion = 10.0.40219.1
Project("{FAE04EC0-301F-11D3-BF4B-00C04F79EFBC}") = "ConsoleApp10", "ConsoleApp10\ConsoleApp10.csproj", "{A5410107-2E29-40A4-B10E-8A9C19F18491}"
EndProject
Global
	GlobalSection(SolutionConfigurationPlatforms) = preSolution
		Debug|Any CPU = Debug|Any CPU
		Release|Any CPU = Release|Any CPU
	EndGlobalSection
	GlobalSection(ProjectConfigurationPlatforms) = postSolution
		{A5410107-2E29-40A4-B10E-8A9C19F18491}.Debug|Any CPU.ActiveCfg = Debug|Any CPU
		{A5410107-2E29-40A4-B10E-8A9C19F18491}.Debug|Any CPU.Build.0 = Debug|Any CPU
		{A5410107-2E29-40A4-B10E-8A9C19F18491}.Release|Any CPU.ActiveCfg = Release|Any CPU
		{A5410107-2E29-40A4-B10E-8A9C19F18491}.Release|Any CPU.Build.0 = Release|Any CPU
	EndGlobalSection
	GlobalSection(SolutionProperties) = preSolution
		HideSolutionNode = FALSE
	EndGlobalSection
	GlobalSection(ExtensibilityGlobals) = postSolution
		SolutionGuid = {3D6294B8-B253-43BF-83AB-23F5CDF2A71E}
	EndGlobalSection
EndGlobal
